
Microsoft Visual Studio Solution File, Format Version 12.00
# Visual Studio 14
VisualStudioVersion = 14.0.25123.0
MinimumVisualStudioVersion = 10.0.40219.1
Project("{FAE04EC0-301F-11D3-BF4B-00C04F79EFBC}") = "week7", "week7\week7.csproj", "{877D7733-6A61-430D-87DD-445F518E9785}"
EndProject
Global
	GlobalSection(SolutionConfigurationPlatforms) = preSolution
		Debug|ARM = Debug|ARM
		Debug|x64 = Debug|x64
		Debug|x86 = Debug|x86
		Release|ARM = Release|ARM
		Release|x64 = Release|x64
		Release|x86 = Release|x86
	EndGlobalSection
	GlobalSection(ProjectConfigurationPlatforms) = postSolution
		{877D7733-6A61-430D-87DD-445F518E9785}.Debug|ARM.ActiveCfg = Debug|ARM
		{877D7733-6A61-430D-87DD-445F518E9785}.Debug|ARM.Build.0 = Debug|ARM
		{877D7733-6A61-430D-87DD-445F518E9785}.Debug|ARM.Deploy.0 = Debug|ARM
		{877D7733-6A61-430D-87DD-445F518E9785}.Debug|x64.ActiveCfg = Debug|x64
		{877D7733-6A61-430D-87DD-445F518E9785}.Debug|x64.Build.0 = Debug|x64
		{877D7733-6A61-430D-87DD-445F518E9785}.Debug|x64.Deploy.0 = Debug|x64
		{877D7733-6A61-430D-87DD-445F518E9785}.Debug|x86.ActiveCfg = Debug|x86
		{877D7733-6A61-430D-87DD-445F518E9785}.Debug|x86.Build.0 = Debug|x86
		{877D7733-6A61-430D-87DD-445F518E9785}.Debug|x86.Deploy.0 = Debug|x86
		{877D7733-6A61-430D-87DD-445F518E9785}.Release|ARM.ActiveCfg = Release|ARM
		{877D7733-6A61-430D-87DD-445F518E9785}.Release|ARM.Build.0 = Release|ARM
		{877D7733-6A61-430D-87DD-445F518E9785}.Release|ARM.Deploy.0 = Release|ARM
		{877D7733-6A61-430D-87DD-445F518E9785}.Release|x64.ActiveCfg = Release|x64
		{877D7733-6A61-430D-87DD-445F518E9785}.Release|x64.Build.0 = Release|x64
		{877D7733-6A61-430D-87DD-445F518E9785}.Release|x64.Deploy.0 = Release|x64
		{877D7733-6A61-430D-87DD-445F518E9785}.Release|x86.ActiveCfg = Release|x86
		{877D7733-6A61-430D-87DD-445F518E9785}.Release|x86.Build.0 = Release|x86
		{877D7733-6A61-430D-87DD-445F518E9785}.Release|x86.Deploy.0 = Release|x86
	EndGlobalSection
	GlobalSection(SolutionProperties) = preSolution
		HideSolutionNode = FALSE
	EndGlobalSection
EndGlobal
